
Microsoft Visual Studio Solution File, Format Version 12.00
# Visual Studio Version 17
VisualStudioVersion = 17.6.33723.286
MinimumVisualStudioVersion = 10.0.40219.1
Project("{FAE04EC0-301F-11D3-BF4B-00C04F79EFBC}") = "TicketSystem", "TicketSystem.csproj", "{7CFE8843-D57C-44DF-995F-D00F7586213B}"
EndProject
Project("{FAE04EC0-301F-11D3-BF4B-00C04F79EFBC}") = "TicketSystemTest", "..\TicketSystemTest\TicketSystemTest.csproj", "{80EE5296-FCCF-4F72-80E4-A59E328984FA}"
EndProject
Global
	GlobalSection(SolutionConfigurationPlatforms) = preSolution
		Debug|Any CPU = Debug|Any CPU
		Release|Any CPU = Release|Any CPU
	EndGlobalSection
	GlobalSection(ProjectConfigurationPlatforms) = postSolution
		{7CFE8843-D57C-44DF-995F-D00F7586213B}.Debug|Any CPU.ActiveCfg = Debug|Any CPU
		{7CFE8843-D57C-44DF-995F-D00F7586213B}.Debug|Any CPU.Build.0 = Debug|Any CPU
		{7CFE8843-D57C-44DF-995F-D00F7586213B}.Release|Any CPU.ActiveCfg = Release|Any CPU
		{7CFE8843-D57C-44DF-995F-D00F7586213B}.Release|Any CPU.Build.0 = Release|Any CPU
		{80EE5296-FCCF-4F72-80E4-A59E328984FA}.Debug|Any CPU.ActiveCfg = Debug|Any CPU
		{80EE5296-FCCF-4F72-80E4-A59E328984FA}.Debug|Any CPU.Build.0 = Debug|Any CPU
		{80EE5296-FCCF-4F72-80E4-A59E328984FA}.Release|Any CPU.ActiveCfg = Release|Any CPU
		{80EE5296-FCCF-4F72-80E4-A59E328984FA}.Release|Any CPU.Build.0 = Release|Any CPU
	EndGlobalSection
	GlobalSection(SolutionProperties) = preSolution
		HideSolutionNode = FALSE
	EndGlobalSection
	GlobalSection(ExtensibilityGlobals) = postSolution
		SolutionGuid = {DBC75A83-2370-4541-BD45-6379430474DE}
	EndGlobalSection
EndGlobal
